
Microsoft Visual Studio Solution File, Format Version 12.00
# Visual Studio Version 16
VisualStudioVersion = 16.0.33423.256
MinimumVisualStudioVersion = 10.0.40219.1
Project("{FAE04EC0-301F-11D3-BF4B-00C04F79EFBC}") = "Threads desktop", "Threads desktop.csproj", "{5189DA36-649A-45FA-8B57-C9694C8831CA}"
EndProject
Global
	GlobalSection(SolutionConfigurationPlatforms) = preSolution
		Debug|Any CPU = Debug|Any CPU
		Release|Any CPU = Release|Any CPU
	EndGlobalSection
	GlobalSection(ProjectConfigurationPlatforms) = postSolution
		{5189DA36-649A-45FA-8B57-C9694C8831CA}.Debug|Any CPU.ActiveCfg = Debug|Any CPU
		{5189DA36-649A-45FA-8B57-C9694C8831CA}.Debug|Any CPU.Build.0 = Debug|Any CPU
		{5189DA36-649A-45FA-8B57-C9694C8831CA}.Release|Any CPU.ActiveCfg = Release|Any CPU
		{5189DA36-649A-45FA-8B57-C9694C8831CA}.Release|Any CPU.Build.0 = Release|Any CPU
	EndGlobalSection
	GlobalSection(SolutionProperties) = preSolution
		HideSolutionNode = FALSE
	EndGlobalSection
	GlobalSection(ExtensibilityGlobals) = postSolution
		SolutionGuid = {6893287E-1EEC-43BB-B208-AF7FE6909FD9}
	EndGlobalSection
EndGlobal
